# THIS IS AN AUTOGENERATED FILE. DO NOT EDIT THIS FILE DIRECTLY.
# yarn lockfile v1


"@types/node@*":
  version "8.0.33"
  resolved "https://registry.npmjs.org/@types/node/-/node-8.0.33.tgz#1126e94374014e54478092830704f6ea89df04cd"

"@types/redis@^2.6.0":
  version "2.6.0"
  resolved "https://registry.npmjs.org/@types/redis/-/redis-2.6.0.tgz#7f01fdec1ba353e9ce7e8439807a43de61760c53"
  dependencies:
    "@types/node" "*"

typescript@^2.5.3:
  version "2.5.3"
  resolved "https://registry.npmjs.org/typescript/-/typescript-2.5.3.tgz#df3dcdc38f3beb800d4bc322646b04a3f6ca7f0d"
