# THIS IS AN AUTOGENERATED FILE. DO NOT EDIT THIS FILE DIRECTLY.
# yarn lockfile v1


"@types/node@*":
  version "8.0.33"
  resolved "https://registry.npmjs.org/@types/node/-/node-8.0.33.tgz#1126e94374014e54478092830704f6ea89df04cd"

"@types/redis@^2.6.0":
  version "2.6.0"
  resolved "https://registry.npmjs.org/@types/redis/-/redis-2.6.0.tgz#7f01fdec1ba353e9ce7e8439807a43de61760c53"
  dependencies:
    "@types/node" "*"

doctrine@^0.7.2:
  version "0.7.2"
  resolved "http://registry.npm.taobao.org/doctrine/download/doctrine-0.7.2.tgz#7cb860359ba3be90e040b26b729ce4bfa654c523"
  dependencies:
    esutils "^1.1.6"
    isarray "0.0.1"

esutils@^1.1.6:
  version "1.1.6"
  resolved "http://registry.npm.taobao.org/esutils/download/esutils-1.1.6.tgz#c01ccaa9ae4b897c6d0c3e210ae52f3c7a844375"

isarray@0.0.1:
  version "0.0.1"
  resolved "http://registry.npm.taobao.org/isarray/download/isarray-0.0.1.tgz#8a18acfca9a8f4177e09abfc6038939b05d1eedf"

tslib@^1.0.0:
  version "1.9.0"
  resolved "http://registry.npm.taobao.org/tslib/download/tslib-1.9.0.tgz#e37a86fda8cbbaf23a057f473c9f4dc64e5fc2e8"

tslint-config-prettier@^1.9.0:
  version "1.9.0"
  resolved "http://registry.npm.taobao.org/tslint-config-prettier/download/tslint-config-prettier-1.9.0.tgz#391887644b66de4623f745a6c85672405cbcdcee"

tslint-config-standard@^7.0.0:
  version "7.0.0"
  resolved "http://registry.npm.taobao.org/tslint-config-standard/download/tslint-config-standard-7.0.0.tgz#47bbf25578ed2212456f892d51e1abe884a29f15"
  dependencies:
    tslint-eslint-rules "^4.1.1"

tslint-eslint-rules@^4.1.1:
  version "4.1.1"
  resolved "http://registry.npm.taobao.org/tslint-eslint-rules/download/tslint-eslint-rules-4.1.1.tgz#7c30e7882f26bc276bff91d2384975c69daf88ba"
  dependencies:
    doctrine "^0.7.2"
    tslib "^1.0.0"
    tsutils "^1.4.0"

tsutils@^1.4.0:
  version "1.9.1"
  resolved "http://registry.npm.taobao.org/tsutils/download/tsutils-1.9.1.tgz#b9f9ab44e55af9681831d5f28d0aeeaf5c750cb0"

typescript@^2.5.3:
  version "2.5.3"
  resolved "https://registry.npmjs.org/typescript/-/typescript-2.5.3.tgz#df3dcdc38f3beb800d4bc322646b04a3f6ca7f0d"
